// !$*UTF8*$!
{
	archiveVersion = 1;
	classes = {
	};
	objectVersion = 46;
	objects = {

/* Begin PBXBuildFile section */
		133EE244D30EA457B59D3118 /* Pods_MyTestApplicationTests.framework in Frameworks */ = {isa = PBXBuildFile; fileRef = 08BF52623E488DF84B8A81D5 /* Pods_MyTestApplicationTests.framework */; };
		354A5C6DABE7C58284F811E2 /* Pods_MyTestApplicationUITests.framework in Frameworks */ = {isa = PBXBuildFile; fileRef = 229950838471E8BA9600AC86 /* Pods_MyTestApplicationUITests.framework */; };
		5F6CECA01E5B008100C4AC8D /* AppDelegate.swift in Sources */ = {isa = PBXBuildFile; fileRef = 5F6CEC9F1E5B008100C4AC8D /* AppDelegate.swift */; };
		5F6CECA21E5B008100C4AC8D /* ViewController.swift in Sources */ = {isa = PBXBuildFile; fileRef = 5F6CECA11E5B008100C4AC8D /* ViewController.swift */; };
		5F6CECA51E5B008100C4AC8D /* Main.storyboard in Resources */ = {isa = PBXBuildFile; fileRef = 5F6CECA31E5B008100C4AC8D /* Main.storyboard */; };
		5F6CECA71E5B008100C4AC8D /* Assets.xcassets in Resources */ = {isa = PBXBuildFile; fileRef = 5F6CECA61E5B008100C4AC8D /* Assets.xcassets */; };
		5F6CECAA1E5B008100C4AC8D /* LaunchScreen.storyboard in Resources */ = {isa = PBXBuildFile; fileRef = 5F6CECA81E5B008100C4AC8D /* LaunchScreen.storyboard */; };
		5F6CECB51E5B008100C4AC8D /* MyTestApplicationTests.swift in Sources */ = {isa = PBXBuildFile; fileRef = 5F6CECB41E5B008100C4AC8D /* MyTestApplicationTests.swift */; };
		5F6CECC01E5B008100C4AC8D /* MyTestApplicationUITests.swift in Sources */ = {isa = PBXBuildFile; fileRef = 5F6CECBF1E5B008100C4AC8D /* MyTestApplicationUITests.swift */; };
		7111103D27BEA7E63DC1D137 /* Pods_MyTestApplication.framework in Frameworks */ = {isa = PBXBuildFile; fileRef = 5834EF3492E5F25A3C6F365D /* Pods_MyTestApplication.framework */; };
/* End PBXBuildFile section */

/* Begin PBXContainerItemProxy section */
		5F6CECB11E5B008100C4AC8D /* PBXContainerItemProxy */ = {
			isa = PBXContainerItemProxy;
			containerPortal = 5F6CEC941E5B008100C4AC8D /* Project object */;
			proxyType = 1;
			remoteGlobalIDString = 5F6CEC9B1E5B008100C4AC8D;
			remoteInfo = MyTestApplication;
		};
		5F6CECBC1E5B008100C4AC8D /* PBXContainerItemProxy */ = {
			isa = PBXContainerItemProxy;
			containerPortal = 5F6CEC941E5B008100C4AC8D /* Project object */;
			proxyType = 1;
			remoteGlobalIDString = 5F6CEC9B1E5B008100C4AC8D;
			remoteInfo = MyTestApplication;
		};
/* End PBXContainerItemProxy section */

/* Begin PBXFileReference section */
		08BF52623E488DF84B8A81D5 /* Pods_MyTestApplicationTests.framework */ = {isa = PBXFileReference; explicitFileType = wrapper.framework; includeInIndex = 0; path = Pods_MyTestApplicationTests.framework; sourceTree = BUILT_PRODUCTS_DIR; };
		1A449CA3538A0C278C0E6B80 /* Pods-MyTestApplication.release.xcconfig */ = {isa = PBXFileReference; includeInIndex = 1; lastKnownFileType = text.xcconfig; name = "Pods-MyTestApplication.release.xcconfig"; path = "Pods/Target Support Files/Pods-MyTestApplication/Pods-MyTestApplication.release.xcconfig"; sourceTree = "<group>"; };
		229950838471E8BA9600AC86 /* Pods_MyTestApplicationUITests.framework */ = {isa = PBXFileReference; explicitFileType = wrapper.framework; includeInIndex = 0; path = Pods_MyTestApplicationUITests.framework; sourceTree = BUILT_PRODUCTS_DIR; };
		43DC079F2B0800E34F7BBF78 /* Pods-MyTestApplicationTests.release.xcconfig */ = {isa = PBXFileReference; includeInIndex = 1; lastKnownFileType = text.xcconfig; name = "Pods-MyTestApplicationTests.release.xcconfig"; path = "Pods/Target Support Files/Pods-MyTestApplicationTests/Pods-MyTestApplicationTests.release.xcconfig"; sourceTree = "<group>"; };
		5834EF3492E5F25A3C6F365D /* Pods_MyTestApplication.framework */ = {isa = PBXFileReference; explicitFileType = wrapper.framework; includeInIndex = 0; path = Pods_MyTestApplication.framework; sourceTree = BUILT_PRODUCTS_DIR; };
		5F6CEC9C1E5B008100C4AC8D /* MyTestApplication.app */ = {isa = PBXFileReference; explicitFileType = wrapper.application; includeInIndex = 0; path = MyTestApplication.app; sourceTree = BUILT_PRODUCTS_DIR; };
		5F6CEC9F1E5B008100C4AC8D /* AppDelegate.swift */ = {isa = PBXFileReference; lastKnownFileType = sourcecode.swift; path = AppDelegate.swift; sourceTree = "<group>"; };
		5F6CECA11E5B008100C4AC8D /* ViewController.swift */ = {isa = PBXFileReference; lastKnownFileType = sourcecode.swift; path = ViewController.swift; sourceTree = "<group>"; };
		5F6CECA41E5B008100C4AC8D /* Base */ = {isa = PBXFileReference; lastKnownFileType = file.storyboard; name = Base; path = Base.lproj/Main.storyboard; sourceTree = "<group>"; };
		5F6CECA61E5B008100C4AC8D /* Assets.xcassets */ = {isa = PBXFileReference; lastKnownFileType = folder.assetcatalog; path = Assets.xcassets; sourceTree = "<group>"; };
		5F6CECA91E5B008100C4AC8D /* Base */ = {isa = PBXFileReference; lastKnownFileType = file.storyboard; name = Base; path = Base.lproj/LaunchScreen.storyboard; sourceTree = "<group>"; };
		5F6CECAB1E5B008100C4AC8D /* Info.plist */ = {isa = PBXFileReference; lastKnownFileType = text.plist.xml; path = Info.plist; sourceTree = "<group>"; };
		5F6CECB01E5B008100C4AC8D /* MyTestApplicationTests.xctest */ = {isa = PBXFileReference; explicitFileType = wrapper.cfbundle; includeInIndex = 0; path = MyTestApplicationTests.xctest; sourceTree = BUILT_PRODUCTS_DIR; };
		5F6CECB41E5B008100C4AC8D /* MyTestApplicationTests.swift */ = {isa = PBXFileReference; lastKnownFileType = sourcecode.swift; path = MyTestApplicationTests.swift; sourceTree = "<group>"; };
		5F6CECB61E5B008100C4AC8D /* Info.plist */ = {isa = PBXFileReference; lastKnownFileType = text.plist.xml; path = Info.plist; sourceTree = "<group>"; };
		5F6CECBB1E5B008100C4AC8D /* MyTestApplicationUITests.xctest */ = {isa = PBXFileReference; explicitFileType = wrapper.cfbundle; includeInIndex = 0; path = MyTestApplicationUITests.xctest; sourceTree = BUILT_PRODUCTS_DIR; };
		5F6CECBF1E5B008100C4AC8D /* MyTestApplicationUITests.swift */ = {isa = PBXFileReference; lastKnownFileType = sourcecode.swift; path = MyTestApplicationUITests.swift; sourceTree = "<group>"; };
		5F6CECC11E5B008100C4AC8D /* Info.plist */ = {isa = PBXFileReference; lastKnownFileType = text.plist.xml; path = Info.plist; sourceTree = "<group>"; };
		6086549EEC78AEAEEBE4C341 /* Pods-MyTestApplicationUITests.release.xcconfig */ = {isa = PBXFileReference; includeInIndex = 1; lastKnownFileType = text.xcconfig; name = "Pods-MyTestApplicationUITests.release.xcconfig"; path = "Pods/Target Support Files/Pods-MyTestApplicationUITests/Pods-MyTestApplicationUITests.release.xcconfig"; sourceTree = "<group>"; };
		7DC5943235724FEAC15A77EA /* Pods-MyTestApplication.debug.xcconfig */ = {isa = PBXFileReference; includeInIndex = 1; lastKnownFileType = text.xcconfig; name = "Pods-MyTestApplication.debug.xcconfig"; path = "Pods/Target Support Files/Pods-MyTestApplication/Pods-MyTestApplication.debug.xcconfig"; sourceTree = "<group>"; };
		9804ADC078844B7F0CD471A7 /* Pods-MyTestApplicationTests.debug.xcconfig */ = {isa = PBXFileReference; includeInIndex = 1; lastKnownFileType = text.xcconfig; name = "Pods-MyTestApplicationTests.debug.xcconfig"; path = "Pods/Target Support Files/Pods-MyTestApplicationTests/Pods-MyTestApplicationTests.debug.xcconfig"; sourceTree = "<group>"; };
		B630A40119A35E65C318B8A4 /* Pods-MyTestApplicationUITests.debug.xcconfig */ = {isa = PBXFileReference; includeInIndex = 1; lastKnownFileType = text.xcconfig; name = "Pods-MyTestApplicationUITests.debug.xcconfig"; path = "Pods/Target Support Files/Pods-MyTestApplicationUITests/Pods-MyTestApplicationUITests.debug.xcconfig"; sourceTree = "<group>"; };
/* End PBXFileReference section */

/* Begin PBXFrameworksBuildPhase section */
		5F6CEC991E5B008100C4AC8D /* Frameworks */ = {
			isa = PBXFrameworksBuildPhase;
			buildActionMask = 2147483647;
			files = (
				7111103D27BEA7E63DC1D137 /* Pods_MyTestApplication.framework in Frameworks */,
			);
			runOnlyForDeploymentPostprocessing = 0;
		};
		5F6CECAD1E5B008100C4AC8D /* Frameworks */ = {
			isa = PBXFrameworksBuildPhase;
			buildActionMask = 2147483647;
			files = (
				133EE244D30EA457B59D3118 /* Pods_MyTestApplicationTests.framework in Frameworks */,
			);
			runOnlyForDeploymentPostprocessing = 0;
		};
		5F6CECB81E5B008100C4AC8D /* Frameworks */ = {
			isa = PBXFrameworksBuildPhase;
			buildActionMask = 2147483647;
			files = (
				354A5C6DABE7C58284F811E2 /* Pods_MyTestApplicationUITests.framework in Frameworks */,
			);
			runOnlyForDeploymentPostprocessing = 0;
		};
/* End PBXFrameworksBuildPhase section */

/* Begin PBXGroup section */
		3FEA60DD855CDAC7B9F85DC4 /* Frameworks */ = {
			isa = PBXGroup;
			children = (
				5834EF3492E5F25A3C6F365D /* Pods_MyTestApplication.framework */,
				08BF52623E488DF84B8A81D5 /* Pods_MyTestApplicationTests.framework */,
				229950838471E8BA9600AC86 /* Pods_MyTestApplicationUITests.framework */,
			);
			name = Frameworks;
			sourceTree = "<group>";
		};
		5F6CEC931E5B008100C4AC8D = {
			isa = PBXGroup;
			children = (
				5F6CEC9E1E5B008100C4AC8D /* MyTestApplication */,
				5F6CECB31E5B008100C4AC8D /* MyTestApplicationTests */,
				5F6CECBE1E5B008100C4AC8D /* MyTestApplicationUITests */,
				5F6CEC9D1E5B008100C4AC8D /* Products */,
				681BA6D22B169D83F2FE0A00 /* Pods */,
				3FEA60DD855CDAC7B9F85DC4 /* Frameworks */,
			);
			sourceTree = "<group>";
		};
		5F6CEC9D1E5B008100C4AC8D /* Products */ = {
			isa = PBXGroup;
			children = (
				5F6CEC9C1E5B008100C4AC8D /* MyTestApplication.app */,
				5F6CECB01E5B008100C4AC8D /* MyTestApplicationTests.xctest */,
				5F6CECBB1E5B008100C4AC8D /* MyTestApplicationUITests.xctest */,
			);
			name = Products;
			sourceTree = "<group>";
		};
		5F6CEC9E1E5B008100C4AC8D /* MyTestApplication */ = {
			isa = PBXGroup;
			children = (
				5F6CEC9F1E5B008100C4AC8D /* AppDelegate.swift */,
				5F6CECA11E5B008100C4AC8D /* ViewController.swift */,
				5F6CECA31E5B008100C4AC8D /* Main.storyboard */,
				5F6CECA61E5B008100C4AC8D /* Assets.xcassets */,
				5F6CECA81E5B008100C4AC8D /* LaunchScreen.storyboard */,
				5F6CECAB1E5B008100C4AC8D /* Info.plist */,
			);
			path = MyTestApplication;
			sourceTree = "<group>";
		};
		5F6CECB31E5B008100C4AC8D /* MyTestApplicationTests */ = {
			isa = PBXGroup;
			children = (
				5F6CECB41E5B008100C4AC8D /* MyTestApplicationTests.swift */,
				5F6CECB61E5B008100C4AC8D /* Info.plist */,
			);
			path = MyTestApplicationTests;
			sourceTree = "<group>";
		};
		5F6CECBE1E5B008100C4AC8D /* MyTestApplicationUITests */ = {
			isa = PBXGroup;
			children = (
				5F6CECBF1E5B008100C4AC8D /* MyTestApplicationUITests.swift */,
				5F6CECC11E5B008100C4AC8D /* Info.plist */,
			);
			path = MyTestApplicationUITests;
			sourceTree = "<group>";
		};
		681BA6D22B169D83F2FE0A00 /* Pods */ = {
			isa = PBXGroup;
			children = (
				7DC5943235724FEAC15A77EA /* Pods-MyTestApplication.debug.xcconfig */,
				1A449CA3538A0C278C0E6B80 /* Pods-MyTestApplication.release.xcconfig */,
				9804ADC078844B7F0CD471A7 /* Pods-MyTestApplicationTests.debug.xcconfig */,
				43DC079F2B0800E34F7BBF78 /* Pods-MyTestApplicationTests.release.xcconfig */,
				B630A40119A35E65C318B8A4 /* Pods-MyTestApplicationUITests.debug.xcconfig */,
				6086549EEC78AEAEEBE4C341 /* Pods-MyTestApplicationUITests.release.xcconfig */,
			);
			name = Pods;
			sourceTree = "<group>";
		};
/* End PBXGroup section */

/* Begin PBXNativeTarget section */
		5F6CEC9B1E5B008100C4AC8D /* MyTestApplication */ = {
			isa = PBXNativeTarget;
			buildConfigurationList = 5F6CECC41E5B008100C4AC8D /* Build configuration list for PBXNativeTarget "MyTestApplication" */;
			buildPhases = (
				5B7CC42336348717D1BEDC24 /* [CP] Check Pods Manifest.lock */,
				5F6CEC981E5B008100C4AC8D /* Sources */,
				5F6CEC991E5B008100C4AC8D /* Frameworks */,
				5F6CEC9A1E5B008100C4AC8D /* Resources */,
				E4A6FD0A7795AA12AF1987A6 /* [CP] Embed Pods Frameworks */,
				064F11E8A180B5FF0A98EFDD /* [CP] Copy Pods Resources */,
			);
			buildRules = (
			);
			dependencies = (
			);
			name = MyTestApplication;
			productName = MyTestApplication;
			productReference = 5F6CEC9C1E5B008100C4AC8D /* MyTestApplication.app */;
			productType = "com.apple.product-type.application";
		};
		5F6CECAF1E5B008100C4AC8D /* MyTestApplicationTests */ = {
			isa = PBXNativeTarget;
			buildConfigurationList = 5F6CECC71E5B008100C4AC8D /* Build configuration list for PBXNativeTarget "MyTestApplicationTests" */;
			buildPhases = (
				A91A4E0FF18B668CF117810F /* [CP] Check Pods Manifest.lock */,
				5F6CECAC1E5B008100C4AC8D /* Sources */,
				5F6CECAD1E5B008100C4AC8D /* Frameworks */,
				5F6CECAE1E5B008100C4AC8D /* Resources */,
				CD7AFFC884ED774B5EA49C41 /* [CP] Embed Pods Frameworks */,
				277FAD47178955E0A1A060A0 /* [CP] Copy Pods Resources */,
			);
			buildRules = (
			);
			dependencies = (
				5F6CECB21E5B008100C4AC8D /* PBXTargetDependency */,
			);
			name = MyTestApplicationTests;
			productName = MyTestApplicationTests;
			productReference = 5F6CECB01E5B008100C4AC8D /* MyTestApplicationTests.xctest */;
			productType = "com.apple.product-type.bundle.unit-test";
		};
		5F6CECBA1E5B008100C4AC8D /* MyTestApplicationUITests */ = {
			isa = PBXNativeTarget;
			buildConfigurationList = 5F6CECCA1E5B008100C4AC8D /* Build configuration list for PBXNativeTarget "MyTestApplicationUITests" */;
			buildPhases = (
				32DB2CE30DD551A561B818E4 /* [CP] Check Pods Manifest.lock */,
				5F6CECB71E5B008100C4AC8D /* Sources */,
				5F6CECB81E5B008100C4AC8D /* Frameworks */,
				5F6CECB91E5B008100C4AC8D /* Resources */,
				2E9555092E00CF20B7AF3D31 /* [CP] Embed Pods Frameworks */,
				285DC10335BAD9056ED591FA /* [CP] Copy Pods Resources */,
			);
			buildRules = (
			);
			dependencies = (
				5F6CECBD1E5B008100C4AC8D /* PBXTargetDependency */,
			);
			name = MyTestApplicationUITests;
			productName = MyTestApplicationUITests;
			productReference = 5F6CECBB1E5B008100C4AC8D /* MyTestApplicationUITests.xctest */;
			productType = "com.apple.product-type.bundle.ui-testing";
		};
/* End PBXNativeTarget section */

/* Begin PBXProject section */
		5F6CEC941E5B008100C4AC8D /* Project object */ = {
			isa = PBXProject;
			attributes = {
				LastSwiftUpdateCheck = 0820;
				LastUpgradeCheck = 0820;
				ORGANIZATIONNAME = "Duc Vu Anh";
				TargetAttributes = {
					5F6CEC9B1E5B008100C4AC8D = {
						CreatedOnToolsVersion = 8.2;
						DevelopmentTeam = 65U895WCGE;
						ProvisioningStyle = Automatic;
					};
					5F6CECAF1E5B008100C4AC8D = {
						CreatedOnToolsVersion = 8.2;
						DevelopmentTeam = 65U895WCGE;
						ProvisioningStyle = Automatic;
						TestTargetID = 5F6CEC9B1E5B008100C4AC8D;
					};
					5F6CECBA1E5B008100C4AC8D = {
						CreatedOnToolsVersion = 8.2;
						DevelopmentTeam = 65U895WCGE;
						ProvisioningStyle = Automatic;
						TestTargetID = 5F6CEC9B1E5B008100C4AC8D;
					};
				};
			};
			buildConfigurationList = 5F6CEC971E5B008100C4AC8D /* Build configuration list for PBXProject "MyTestApplication" */;
			compatibilityVersion = "Xcode 3.2";
			developmentRegion = English;
			hasScannedForEncodings = 0;
			knownRegions = (
				en,
				Base,
			);
			mainGroup = 5F6CEC931E5B008100C4AC8D;
			productRefGroup = 5F6CEC9D1E5B008100C4AC8D /* Products */;
			projectDirPath = "";
			projectRoot = "";
			targets = (
				5F6CEC9B1E5B008100C4AC8D /* MyTestApplication */,
				5F6CECAF1E5B008100C4AC8D /* MyTestApplicationTests */,
				5F6CECBA1E5B008100C4AC8D /* MyTestApplicationUITests */,
			);
		};
/* End PBXProject section */

/* Begin PBXResourcesBuildPhase section */
		5F6CEC9A1E5B008100C4AC8D /* Resources */ = {
			isa = PBXResourcesBuildPhase;
			buildActionMask = 2147483647;
			files = (
				5F6CECAA1E5B008100C4AC8D /* LaunchScreen.storyboard in Resources */,
				5F6CECA71E5B008100C4AC8D /* Assets.xcassets in Resources */,
				5F6CECA51E5B008100C4AC8D /* Main.storyboard in Resources */,
			);
			runOnlyForDeploymentPostprocessing = 0;
		};
		5F6CECAE1E5B008100C4AC8D /* Resources */ = {
			isa = PBXResourcesBuildPhase;
			buildActionMask = 2147483647;
			files = (
			);
			runOnlyForDeploymentPostprocessing = 0;
		};
		5F6CECB91E5B008100C4AC8D /* Resources */ = {
			isa = PBXResourcesBuildPhase;
			buildActionMask = 2147483647;
			files = (
			);
			runOnlyForDeploymentPostprocessing = 0;
		};
/* End PBXResourcesBuildPhase section */

/* Begin PBXShellScriptBuildPhase section */
		064F11E8A180B5FF0A98EFDD /* [CP] Copy Pods Resources */ = {
			isa = PBXShellScriptBuildPhase;
			buildActionMask = 2147483647;
			files = (
			);
			inputPaths = (
			);
			name = "[CP] Copy Pods Resources";
			outputPaths = (
			);
			runOnlyForDeploymentPostprocessing = 0;
			shellPath = /bin/sh;
			shellScript = "\"${SRCROOT}/Pods/Target Support Files/Pods-MyTestApplication/Pods-MyTestApplication-resources.sh\"\n";
			showEnvVarsInLog = 0;
		};
		277FAD47178955E0A1A060A0 /* [CP] Copy Pods Resources */ = {
			isa = PBXShellScriptBuildPhase;
			buildActionMask = 2147483647;
			files = (
			);
			inputPaths = (
			);
			name = "[CP] Copy Pods Resources";
			outputPaths = (
			);
			runOnlyForDeploymentPostprocessing = 0;
			shellPath = /bin/sh;
			shellScript = "\"${SRCROOT}/Pods/Target Support Files/Pods-MyTestApplicationTests/Pods-MyTestApplicationTests-resources.sh\"\n";
			showEnvVarsInLog = 0;
		};
		285DC10335BAD9056ED591FA /* [CP] Copy Pods Resources */ = {
			isa = PBXShellScriptBuildPhase;
			buildActionMask = 2147483647;
			files = (
			);
			inputPaths = (
			);
			name = "[CP] Copy Pods Resources";
			outputPaths = (
			);
			runOnlyForDeploymentPostprocessing = 0;
			shellPath = /bin/sh;
			shellScript = "\"${SRCROOT}/Pods/Target Support Files/Pods-MyTestApplicationUITests/Pods-MyTestApplicationUITests-resources.sh\"\n";
			showEnvVarsInLog = 0;
		};
		2E9555092E00CF20B7AF3D31 /* [CP] Embed Pods Frameworks */ = {
			isa = PBXShellScriptBuildPhase;
			buildActionMask = 2147483647;
			files = (
			);
			inputPaths = (
			);
			name = "[CP] Embed Pods Frameworks";
			outputPaths = (
			);
			runOnlyForDeploymentPostprocessing = 0;
			shellPath = /bin/sh;
			shellScript = "\"${SRCROOT}/Pods/Target Support Files/Pods-MyTestApplicationUITests/Pods-MyTestApplicationUITests-frameworks.sh\"\n";
			showEnvVarsInLog = 0;
		};
		32DB2CE30DD551A561B818E4 /* [CP] Check Pods Manifest.lock */ = {
			isa = PBXShellScriptBuildPhase;
			buildActionMask = 2147483647;
			files = (
			);
			inputPaths = (
			);
			name = "[CP] Check Pods Manifest.lock";
			outputPaths = (
			);
			runOnlyForDeploymentPostprocessing = 0;
			shellPath = /bin/sh;
			shellScript = "diff \"${PODS_ROOT}/../Podfile.lock\" \"${PODS_ROOT}/Manifest.lock\" > /dev/null\nif [ $? != 0 ] ; then\n    # print error to STDERR\n    echo \"error: The sandbox is not in sync with the Podfile.lock. Run 'pod install' or update your CocoaPods installation.\" >&2\n    exit 1\nfi\n";
			showEnvVarsInLog = 0;
		};
		5B7CC42336348717D1BEDC24 /* [CP] Check Pods Manifest.lock */ = {
			isa = PBXShellScriptBuildPhase;
			buildActionMask = 2147483647;
			files = (
			);
			inputPaths = (
			);
			name = "[CP] Check Pods Manifest.lock";
			outputPaths = (
			);
			runOnlyForDeploymentPostprocessing = 0;
			shellPath = /bin/sh;
			shellScript = "diff \"${PODS_ROOT}/../Podfile.lock\" \"${PODS_ROOT}/Manifest.lock\" > /dev/null\nif [ $? != 0 ] ; then\n    # print error to STDERR\n    echo \"error: The sandbox is not in sync with the Podfile.lock. Run 'pod install' or update your CocoaPods installation.\" >&2\n    exit 1\nfi\n";
			showEnvVarsInLog = 0;
		};
		A91A4E0FF18B668CF117810F /* [CP] Check Pods Manifest.lock */ = {
			isa = PBXShellScriptBuildPhase;
			buildActionMask = 2147483647;
			files = (
			);
			inputPaths = (
			);
			name = "[CP] Check Pods Manifest.lock";
			outputPaths = (
			);
			runOnlyForDeploymentPostprocessing = 0;
			shellPath = /bin/sh;
			shellScript = "diff \"${PODS_ROOT}/../Podfile.lock\" \"${PODS_ROOT}/Manifest.lock\" > /dev/null\nif [ $? != 0 ] ; then\n    # print error to STDERR\n    echo \"error: The sandbox is not in sync with the Podfile.lock. Run 'pod install' or update your CocoaPods installation.\" >&2\n    exit 1\nfi\n";
			showEnvVarsInLog = 0;
		};
		CD7AFFC884ED774B5EA49C41 /* [CP] Embed Pods Frameworks */ = {
			isa = PBXShellScriptBuildPhase;
			buildActionMask = 2147483647;
			files = (
			);
			inputPaths = (
			);
			name = "[CP] Embed Pods Frameworks";
			outputPaths = (
			);
			runOnlyForDeploymentPostprocessing = 0;
			shellPath = /bin/sh;
			shellScript = "\"${SRCROOT}/Pods/Target Support Files/Pods-MyTestApplicationTests/Pods-MyTestApplicationTests-frameworks.sh\"\n";
			showEnvVarsInLog = 0;
		};
		E4A6FD0A7795AA12AF1987A6 /* [CP] Embed Pods Frameworks */ = {
			isa = PBXShellScriptBuildPhase;
			buildActionMask = 2147483647;
			files = (
			);
			inputPaths = (
			);
			name = "[CP] Embed Pods Frameworks";
			outputPaths = (
			);
			runOnlyForDeploymentPostprocessing = 0;
			shellPath = /bin/sh;
			shellScript = "\"${SRCROOT}/Pods/Target Support Files/Pods-MyTestApplication/Pods-MyTestApplication-frameworks.sh\"\n";
			showEnvVarsInLog = 0;
		};
/* End PBXShellScriptBuildPhase section */

/* Begin PBXSourcesBuildPhase section */
		5F6CEC981E5B008100C4AC8D /* Sources */ = {
			isa = PBXSourcesBuildPhase;
			buildActionMask = 2147483647;
			files = (
				5F6CECA21E5B008100C4AC8D /* ViewController.swift in Sources */,
				5F6CECA01E5B008100C4AC8D /* AppDelegate.swift in Sources */,
			);
			runOnlyForDeploymentPostprocessing = 0;
		};
		5F6CECAC1E5B008100C4AC8D /* Sources */ = {
			isa = PBXSourcesBuildPhase;
			buildActionMask = 2147483647;
			files = (
				5F6CECB51E5B008100C4AC8D /* MyTestApplicationTests.swift in Sources */,
			);
			runOnlyForDeploymentPostprocessing = 0;
		};
		5F6CECB71E5B008100C4AC8D /* Sources */ = {
			isa = PBXSourcesBuildPhase;
			buildActionMask = 2147483647;
			files = (
				5F6CECC01E5B008100C4AC8D /* MyTestApplicationUITests.swift in Sources */,
			);
			runOnlyForDeploymentPostprocessing = 0;
		};
/* End PBXSourcesBuildPhase section */

/* Begin PBXTargetDependency section */
		5F6CECB21E5B008100C4AC8D /* PBXTargetDependency */ = {
			isa = PBXTargetDependency;
			target = 5F6CEC9B1E5B008100C4AC8D /* MyTestApplication */;
			targetProxy = 5F6CECB11E5B008100C4AC8D /* PBXContainerItemProxy */;
		};
		5F6CECBD1E5B008100C4AC8D /* PBXTargetDependency */ = {
			isa = PBXTargetDependency;
			target = 5F6CEC9B1E5B008100C4AC8D /* MyTestApplication */;
			targetProxy = 5F6CECBC1E5B008100C4AC8D /* PBXContainerItemProxy */;
		};
/* End PBXTargetDependency section */

/* Begin PBXVariantGroup section */
		5F6CECA31E5B008100C4AC8D /* Main.storyboard */ = {
			isa = PBXVariantGroup;
			children = (
				5F6CECA41E5B008100C4AC8D /* Base */,
			);
			name = Main.storyboard;
			sourceTree = "<group>";
		};
		5F6CECA81E5B008100C4AC8D /* LaunchScreen.storyboard */ = {
			isa = PBXVariantGroup;
			children = (
				5F6CECA91E5B008100C4AC8D /* Base */,
			);
			name = LaunchScreen.storyboard;
			sourceTree = "<group>";
		};
/* End PBXVariantGroup section */

/* Begin XCBuildConfiguration section */
		5F6CECC21E5B008100C4AC8D /* Debug */ = {
			isa = XCBuildConfiguration;
			buildSettings = {
				ALWAYS_SEARCH_USER_PATHS = NO;
				CLANG_ANALYZER_NONNULL = YES;
				CLANG_CXX_LANGUAGE_STANDARD = "gnu++0x";
				CLANG_CXX_LIBRARY = "libc++";
				CLANG_ENABLE_MODULES = YES;
				CLANG_ENABLE_OBJC_ARC = YES;
				CLANG_WARN_BOOL_CONVERSION = YES;
				CLANG_WARN_CONSTANT_CONVERSION = YES;
				CLANG_WARN_DIRECT_OBJC_ISA_USAGE = YES_ERROR;
				CLANG_WARN_DOCUMENTATION_COMMENTS = YES;
				CLANG_WARN_EMPTY_BODY = YES;
				CLANG_WARN_ENUM_CONVERSION = YES;
				CLANG_WARN_INFINITE_RECURSION = YES;
				CLANG_WARN_INT_CONVERSION = YES;
				CLANG_WARN_OBJC_ROOT_CLASS = YES_ERROR;
				CLANG_WARN_SUSPICIOUS_MOVE = YES;
				CLANG_WARN_UNREACHABLE_CODE = YES;
				CLANG_WARN__DUPLICATE_METHOD_MATCH = YES;
				"CODE_SIGN_IDENTITY[sdk=iphoneos*]" = "iPhone Developer";
				COPY_PHASE_STRIP = NO;
				DEBUG_INFORMATION_FORMAT = dwarf;
				ENABLE_STRICT_OBJC_MSGSEND = YES;
				ENABLE_TESTABILITY = YES;
				GCC_C_LANGUAGE_STANDARD = gnu99;
				GCC_DYNAMIC_NO_PIC = NO;
				GCC_NO_COMMON_BLOCKS = YES;
				GCC_OPTIMIZATION_LEVEL = 0;
				GCC_PREPROCESSOR_DEFINITIONS = (
					"DEBUG=1",
					"$(inherited)",
				);
				GCC_WARN_64_TO_32_BIT_CONVERSION = YES;
				GCC_WARN_ABOUT_RETURN_TYPE = YES_ERROR;
				GCC_WARN_UNDECLARED_SELECTOR = YES;
				GCC_WARN_UNINITIALIZED_AUTOS = YES_AGGRESSIVE;
				GCC_WARN_UNUSED_FUNCTION = YES;
				GCC_WARN_UNUSED_VARIABLE = YES;
				IPHONEOS_DEPLOYMENT_TARGET = 10.2;
				MTL_ENABLE_DEBUG_INFO = YES;
				ONLY_ACTIVE_ARCH = YES;
				SDKROOT = iphoneos;
				SWIFT_ACTIVE_COMPILATION_CONDITIONS = DEBUG;
				SWIFT_OPTIMIZATION_LEVEL = "-Onone";
				TARGETED_DEVICE_FAMILY = "1,2";
			};
			name = Debug;
		};
		5F6CECC31E5B008100C4AC8D /* Release */ = {
			isa = XCBuildConfiguration;
			buildSettings = {
				ALWAYS_SEARCH_USER_PATHS = NO;
				CLANG_ANALYZER_NONNULL = YES;
				CLANG_CXX_LANGUAGE_STANDARD = "gnu++0x";
				CLANG_CXX_LIBRARY = "libc++";
				CLANG_ENABLE_MODULES = YES;
				CLANG_ENABLE_OBJC_ARC = YES;
				CLANG_WARN_BOOL_CONVERSION = YES;
				CLANG_WARN_CONSTANT_CONVERSION = YES;
				CLANG_WARN_DIRECT_OBJC_ISA_USAGE = YES_ERROR;
				CLANG_WARN_DOCUMENTATION_COMMENTS = YES;
				CLANG_WARN_EMPTY_BODY = YES;
				CLANG_WARN_ENUM_CONVERSION = YES;
				CLANG_WARN_INFINITE_RECURSION = YES;
				CLANG_WARN_INT_CONVERSION = YES;
				CLANG_WARN_OBJC_ROOT_CLASS = YES_ERROR;
				CLANG_WARN_SUSPICIOUS_MOVE = YES;
				CLANG_WARN_UNREACHABLE_CODE = YES;
				CLANG_WARN__DUPLICATE_METHOD_MATCH = YES;
				"CODE_SIGN_IDENTITY[sdk=iphoneos*]" = "iPhone Developer";
				COPY_PHASE_STRIP = NO;
				DEBUG_INFORMATION_FORMAT = "dwarf-with-dsym";
				ENABLE_NS_ASSERTIONS = NO;
				ENABLE_STRICT_OBJC_MSGSEND = YES;
				GCC_C_LANGUAGE_STANDARD = gnu99;
				GCC_NO_COMMON_BLOCKS = YES;
				GCC_WARN_64_TO_32_BIT_CONVERSION = YES;
				GCC_WARN_ABOUT_RETURN_TYPE = YES_ERROR;
				GCC_WARN_UNDECLARED_SELECTOR = YES;
				GCC_WARN_UNINITIALIZED_AUTOS = YES_AGGRESSIVE;
				GCC_WARN_UNUSED_FUNCTION = YES;
				GCC_WARN_UNUSED_VARIABLE = YES;
				IPHONEOS_DEPLOYMENT_TARGET = 10.2;
				MTL_ENABLE_DEBUG_INFO = NO;
				SDKROOT = iphoneos;
				SWIFT_OPTIMIZATION_LEVEL = "-Owholemodule";
				TARGETED_DEVICE_FAMILY = "1,2";
				VALIDATE_PRODUCT = YES;
			};
			name = Release;
		};
		5F6CECC51E5B008100C4AC8D /* Debug */ = {
			isa = XCBuildConfiguration;
			baseConfigurationReference = 7DC5943235724FEAC15A77EA /* Pods-MyTestApplication.debug.xcconfig */;
			buildSettings = {
				ASSETCATALOG_COMPILER_APPICON_NAME = AppIcon;
				DEVELOPMENT_TEAM = 65U895WCGE;
				INFOPLIST_FILE = MyTestApplication/Info.plist;
				LD_RUNPATH_SEARCH_PATHS = "$(inherited) @executable_path/Frameworks";
				PRODUCT_BUNDLE_IDENTIFIER = vn.ducva.MyTestApplication;
				PRODUCT_NAME = "$(TARGET_NAME)";
				SWIFT_VERSION = 3.0;
			};
			name = Debug;
		};
		5F6CECC61E5B008100C4AC8D /* Release */ = {
			isa = XCBuildConfiguration;
			baseConfigurationReference = 1A449CA3538A0C278C0E6B80 /* Pods-MyTestApplication.release.xcconfig */;
			buildSettings = {
				ASSETCATALOG_COMPILER_APPICON_NAME = AppIcon;
				DEVELOPMENT_TEAM = 65U895WCGE;
				INFOPLIST_FILE = MyTestApplication/Info.plist;
				LD_RUNPATH_SEARCH_PATHS = "$(inherited) @executable_path/Frameworks";
				PRODUCT_BUNDLE_IDENTIFIER = vn.ducva.MyTestApplication;
				PRODUCT_NAME = "$(TARGET_NAME)";
				SWIFT_VERSION = 3.0;
			};
			name = Release;
		};
		5F6CECC81E5B008100C4AC8D /* Debug */ = {
			isa = XCBuildConfiguration;
			baseConfigurationReference = 9804ADC078844B7F0CD471A7 /* Pods-MyTestApplicationTests.debug.xcconfig */;
			buildSettings = {
				ALWAYS_EMBED_SWIFT_STANDARD_LIBRARIES = YES;
				BUNDLE_LOADER = "$(TEST_HOST)";
				DEVELOPMENT_TEAM = 65U895WCGE;
				INFOPLIST_FILE = MyTestApplicationTests/Info.plist;
				LD_RUNPATH_SEARCH_PATHS = "$(inherited) @executable_path/Frameworks @loader_path/Frameworks";
				PRODUCT_BUNDLE_IDENTIFIER = vn.ducva.MyTestApplicationTests;
				PRODUCT_NAME = "$(TARGET_NAME)";
				SWIFT_VERSION = 3.0;
				TEST_HOST = "$(BUILT_PRODUCTS_DIR)/MyTestApplication.app/MyTestApplication";
			};
			name = Debug;
		};
		5F6CECC91E5B008100C4AC8D /* Release */ = {
			isa = XCBuildConfiguration;
			baseConfigurationReference = 43DC079F2B0800E34F7BBF78 /* Pods-MyTestApplicationTests.release.xcconfig */;
			buildSettings = {
				ALWAYS_EMBED_SWIFT_STANDARD_LIBRARIES = YES;
				BUNDLE_LOADER = "$(TEST_HOST)";
				DEVELOPMENT_TEAM = 65U895WCGE;
				INFOPLIST_FILE = MyTestApplicationTests/Info.plist;
				LD_RUNPATH_SEARCH_PATHS = "$(inherited) @executable_path/Frameworks @loader_path/Frameworks";
				PRODUCT_BUNDLE_IDENTIFIER = vn.ducva.MyTestApplicationTests;
				PRODUCT_NAME = "$(TARGET_NAME)";
				SWIFT_VERSION = 3.0;
				TEST_HOST = "$(BUILT_PRODUCTS_DIR)/MyTestApplication.app/MyTestApplication";
			};
			name = Release;
		};
		5F6CECCB1E5B008100C4AC8D /* Debug */ = {
			isa = XCBuildConfiguration;
			baseConfigurationReference = B630A40119A35E65C318B8A4 /* Pods-MyTestApplicationUITests.debug.xcconfig */;
			buildSettings = {
				ALWAYS_EMBED_SWIFT_STANDARD_LIBRARIES = YES;
				DEVELOPMENT_TEAM = 65U895WCGE;
				INFOPLIST_FILE = MyTestApplicationUITests/Info.plist;
				LD_RUNPATH_SEARCH_PATHS = "$(inherited) @executable_path/Frameworks @loader_path/Frameworks";
				PRODUCT_BUNDLE_IDENTIFIER = vn.ducva.MyTestApplicationUITests;
				PRODUCT_NAME = "$(TARGET_NAME)";
				SWIFT_VERSION = 3.0;
				TEST_TARGET_NAME = MyTestApplication;
			};
			name = Debug;
		};
		5F6CECCC1E5B008100C4AC8D /* Release */ = {
			isa = XCBuildConfiguration;
			baseConfigurationReference = 6086549EEC78AEAEEBE4C341 /* Pods-MyTestApplicationUITests.release.xcconfig */;
			buildSettings = {
				ALWAYS_EMBED_SWIFT_STANDARD_LIBRARIES = YES;
				DEVELOPMENT_TEAM = 65U895WCGE;
				INFOPLIST_FILE = MyTestApplicationUITests/Info.plist;
				LD_RUNPATH_SEARCH_PATHS = "$(inherited) @executable_path/Frameworks @loader_path/Frameworks";
				PRODUCT_BUNDLE_IDENTIFIER = vn.ducva.MyTestApplicationUITests;
				PRODUCT_NAME = "$(TARGET_NAME)";
				SWIFT_VERSION = 3.0;
				TEST_TARGET_NAME = MyTestApplication;
			};
			name = Release;
		};
/* End XCBuildConfiguration section */

/* Begin XCConfigurationList section */
		5F6CEC971E5B008100C4AC8D /* Build configuration list for PBXProject "MyTestApplication" */ = {
			isa = XCConfigurationList;
			buildConfigurations = (
				5F6CECC21E5B008100C4AC8D /* Debug */,
				5F6CECC31E5B008100C4AC8D /* Release */,
			);
			defaultConfigurationIsVisible = 0;
			defaultConfigurationName = Release;
		};
		5F6CECC41E5B008100C4AC8D /* Build configuration list for PBXNativeTarget "MyTestApplication" */ = {
			isa = XCConfigurationList;
			buildConfigurations = (
				5F6CECC51E5B008100C4AC8D /* Debug */,
				5F6CECC61E5B008100C4AC8D /* Release */,
			);
			defaultConfigurationIsVisible = 0;
		};
		5F6CECC71E5B008100C4AC8D /* Build configuration list for PBXNativeTarget "MyTestApplicationTests" */ = {
			isa = XCConfigurationList;
			buildConfigurations = (
				5F6CECC81E5B008100C4AC8D /* Debug */,
				5F6CECC91E5B008100C4AC8D /* Release */,
			);
			defaultConfigurationIsVisible = 0;
		};
		5F6CECCA1E5B008100C4AC8D /* Build configuration list for PBXNativeTarget "MyTestApplicationUITests" */ = {
			isa = XCConfigurationList;
			buildConfigurations = (
				5F6CECCB1E5B008100C4AC8D /* Debug */,
				5F6CECCC1E5B008100C4AC8D /* Release */,
			);
			defaultConfigurationIsVisible = 0;
		};
/* End XCConfigurationList section */
	};
	rootObject = 5F6CEC941E5B008100C4AC8D /* Project object */;
}
